{
  "name": "NAASample",
  "lockfileVersion": 3,
  "requires": true,
  "packages": {
    "": {
      "dependencies": {
        "@azure/msal-browser": "^4.11.1"
      }
    },
    "node_modules/@azure/msal-browser": {
      "version": "4.11.1",
      "resolved": "https://registry.npmjs.org/@azure/msal-browser/-/msal-browser-4.11.1.tgz",
      "integrity": "sha512-jPxASelqmP/0R1jZuYW8cboba95M9jpUi2ZqzgftddlAIRZA9KL/YaESuT55zu9+BIPS5Eo2kuhy3q2jjU3whg==",
      "dependencies": {
        "@azure/msal-common": "15.5.2"
      },
      "engines": {
        "node": ">=0.8.0"
      }
    },
    "node_modules/@azure/msal-common": {
      "version": "15.5.2",
      "resolved": "https://registry.npmjs.org/@azure/msal-common/-/msal-common-15.5.2.tgz",
      "integrity": "sha512-+G85T6oA6i4ubzjOw4BpWd8QCG2FunYN4jaz96gw3SUd8+89vwuiqLg6mtnm/lkPC95bayD+CwuwFn9wvhQGow==",
      "engines": {
        "node": ">=0.8.0"
      }
    }
  }
}
